
Microsoft Visual Studio Solution File, Format Version 12.00
# Visual Studio 15
VisualStudioVersion = 15.0.28010.2016
MinimumVisualStudioVersion = 10.0.40219.1
Project("{8BC9CEB8-8B4A-11D0-8D11-00A0C91BC942}") = "BigAndLittleEndianConversion", "BigAndLittleEndianConversion\BigAndLittleEndianConversion.vcxproj", "{4C6A1775-673A-43BB-9BF3-EC6D661D24D5}"
EndProject
Global
	GlobalSection(SolutionConfigurationPlatforms) = preSolution
		Debug|x64 = Debug|x64
		Debug|x86 = Debug|x86
		Release|x64 = Release|x64
		Release|x86 = Release|x86
	EndGlobalSection
	GlobalSection(ProjectConfigurationPlatforms) = postSolution
		{4C6A1775-673A-43BB-9BF3-EC6D661D24D5}.Debug|x64.ActiveCfg = Debug|x64
		{4C6A1775-673A-43BB-9BF3-EC6D661D24D5}.Debug|x64.Build.0 = Debug|x64
		{4C6A1775-673A-43BB-9BF3-EC6D661D24D5}.Debug|x86.ActiveCfg = Debug|Win32
		{4C6A1775-673A-43BB-9BF3-EC6D661D24D5}.Debug|x86.Build.0 = Debug|Win32
		{4C6A1775-673A-43BB-9BF3-EC6D661D24D5}.Release|x64.ActiveCfg = Release|x64
		{4C6A1775-673A-43BB-9BF3-EC6D661D24D5}.Release|x64.Build.0 = Release|x64
		{4C6A1775-673A-43BB-9BF3-EC6D661D24D5}.Release|x86.ActiveCfg = Release|Win32
		{4C6A1775-673A-43BB-9BF3-EC6D661D24D5}.Release|x86.Build.0 = Release|Win32
	EndGlobalSection
	GlobalSection(SolutionProperties) = preSolution
		HideSolutionNode = FALSE
	EndGlobalSection
	GlobalSection(ExtensibilityGlobals) = postSolution
		SolutionGuid = {31D41E82-1A95-4AF0-BC45-496FB190C582}
	EndGlobalSection
EndGlobal
